
Microsoft Visual Studio Solution File, Format Version 12.00
# Visual Studio Version 17
VisualStudioVersion = 17.5.33627.172
MinimumVisualStudioVersion = 10.0.40219.1
Project("{FAE04EC0-301F-11D3-BF4B-00C04F79EFBC}") = "LD.Assignment", "LD.Assignment\LD.Assignment.csproj", "{236B19E7-7D1A-4EEB-A0A9-81E206C85400}"
EndProject
Project("{FAE04EC0-301F-11D3-BF4B-00C04F79EFBC}") = "LD.Assignment.Data", "LD.Assignment.Data\LD.Assignment.Data.csproj", "{366645AA-7C5A-4FF4-A1C2-62E5A1AEE940}"
EndProject
Project("{FAE04EC0-301F-11D3-BF4B-00C04F79EFBC}") = "LD.Assignment.Application", "LD.Assignment.Application\LD.Assignment.Application.csproj", "{8E482B08-0B89-483F-A99B-53762664215A}"
EndProject
Project("{FAE04EC0-301F-11D3-BF4B-00C04F79EFBC}") = "LD.Assignment.Core", "LD.Assignment.Core\LD.Assignment.Core.csproj", "{2AF421D0-5BA9-4C15-B519-97ACA785AA15}"
EndProject
Global
	GlobalSection(SolutionConfigurationPlatforms) = preSolution
		Debug|Any CPU = Debug|Any CPU
		Release|Any CPU = Release|Any CPU
	EndGlobalSection
	GlobalSection(ProjectConfigurationPlatforms) = postSolution
		{236B19E7-7D1A-4EEB-A0A9-81E206C85400}.Debug|Any CPU.ActiveCfg = Debug|Any CPU
		{236B19E7-7D1A-4EEB-A0A9-81E206C85400}.Debug|Any CPU.Build.0 = Debug|Any CPU
		{236B19E7-7D1A-4EEB-A0A9-81E206C85400}.Release|Any CPU.ActiveCfg = Release|Any CPU
		{236B19E7-7D1A-4EEB-A0A9-81E206C85400}.Release|Any CPU.Build.0 = Release|Any CPU
		{366645AA-7C5A-4FF4-A1C2-62E5A1AEE940}.Debug|Any CPU.ActiveCfg = Debug|Any CPU
		{366645AA-7C5A-4FF4-A1C2-62E5A1AEE940}.Debug|Any CPU.Build.0 = Debug|Any CPU
		{366645AA-7C5A-4FF4-A1C2-62E5A1AEE940}.Release|Any CPU.ActiveCfg = Release|Any CPU
		{366645AA-7C5A-4FF4-A1C2-62E5A1AEE940}.Release|Any CPU.Build.0 = Release|Any CPU
		{8E482B08-0B89-483F-A99B-53762664215A}.Debug|Any CPU.ActiveCfg = Debug|Any CPU
		{8E482B08-0B89-483F-A99B-53762664215A}.Debug|Any CPU.Build.0 = Debug|Any CPU
		{8E482B08-0B89-483F-A99B-53762664215A}.Release|Any CPU.ActiveCfg = Release|Any CPU
		{8E482B08-0B89-483F-A99B-53762664215A}.Release|Any CPU.Build.0 = Release|Any CPU
		{2AF421D0-5BA9-4C15-B519-97ACA785AA15}.Debug|Any CPU.ActiveCfg = Debug|Any CPU
		{2AF421D0-5BA9-4C15-B519-97ACA785AA15}.Debug|Any CPU.Build.0 = Debug|Any CPU
		{2AF421D0-5BA9-4C15-B519-97ACA785AA15}.Release|Any CPU.ActiveCfg = Release|Any CPU
		{2AF421D0-5BA9-4C15-B519-97ACA785AA15}.Release|Any CPU.Build.0 = Release|Any CPU
	EndGlobalSection
	GlobalSection(SolutionProperties) = preSolution
		HideSolutionNode = FALSE
	EndGlobalSection
	GlobalSection(ExtensibilityGlobals) = postSolution
		SolutionGuid = {A0ED2E4A-0A1D-4F57-BD1C-F7FB9AA58D27}
	EndGlobalSection
EndGlobal
